
Microsoft Visual Studio Solution File, Format Version 12.00
# Visual Studio 2013
VisualStudioVersion = 12.0.21005.1
MinimumVisualStudioVersion = 10.0.40219.1
Project("{FAE04EC0-301F-11D3-BF4B-00C04F79EFBC}") = "our_c_sharp_project", "our_c_sharp_project.csproj", "{8BEDDDA6-3646-4A51-B06D-77C92B485361}"
EndProject
Project("{FAE04EC0-301F-11D3-BF4B-00C04F79EFBC}") = "databaseconnection.Entities", "..\databaseconnection.Entities\databaseconnection.Entities.csproj", "{BBE150A3-10CA-47C0-8DBE-C745CC57851D}"
EndProject
Project("{FAE04EC0-301F-11D3-BF4B-00C04F79EFBC}") = "databaseconnection.Framework", "databaseconnection.Framework\databaseconnection.Framework.csproj", "{9B6CC5F1-9E0B-459F-BF5D-B1F7E26568C7}"
EndProject
Project("{FAE04EC0-301F-11D3-BF4B-00C04F79EFBC}") = "databaseconnection.DataAccess", "databaseconnection.DataAccess\databaseconnection.DataAccess.csproj", "{F2F49E3A-7FD7-4527-AE1F-3AD4AE4EB8B5}"
EndProject
Project("{FAE04EC0-301F-11D3-BF4B-00C04F79EFBC}") = "excelsheetconnection.Entities", "..\excelsheetconnection.Entities\excelsheetconnection.Entities.csproj", "{5F37E077-F903-4363-9883-9E239C2C021B}"
EndProject
Project("{FAE04EC0-301F-11D3-BF4B-00C04F79EFBC}") = "Student_side", "Student_side\Student_side.csproj", "{AE04CC76-7A7D-4B5E-993E-D47B45D431A8}"
EndProject
Global
	GlobalSection(SolutionConfigurationPlatforms) = preSolution
		Debug|Any CPU = Debug|Any CPU
		Release|Any CPU = Release|Any CPU
	EndGlobalSection
	GlobalSection(ProjectConfigurationPlatforms) = postSolution
		{8BEDDDA6-3646-4A51-B06D-77C92B485361}.Debug|Any CPU.ActiveCfg = Debug|Any CPU
		{8BEDDDA6-3646-4A51-B06D-77C92B485361}.Debug|Any CPU.Build.0 = Debug|Any CPU
		{8BEDDDA6-3646-4A51-B06D-77C92B485361}.Release|Any CPU.ActiveCfg = Release|Any CPU
		{8BEDDDA6-3646-4A51-B06D-77C92B485361}.Release|Any CPU.Build.0 = Release|Any CPU
		{BBE150A3-10CA-47C0-8DBE-C745CC57851D}.Debug|Any CPU.ActiveCfg = Debug|Any CPU
		{BBE150A3-10CA-47C0-8DBE-C745CC57851D}.Debug|Any CPU.Build.0 = Debug|Any CPU
		{BBE150A3-10CA-47C0-8DBE-C745CC57851D}.Release|Any CPU.ActiveCfg = Release|Any CPU
		{BBE150A3-10CA-47C0-8DBE-C745CC57851D}.Release|Any CPU.Build.0 = Release|Any CPU
		{9B6CC5F1-9E0B-459F-BF5D-B1F7E26568C7}.Debug|Any CPU.ActiveCfg = Debug|Any CPU
		{9B6CC5F1-9E0B-459F-BF5D-B1F7E26568C7}.Debug|Any CPU.Build.0 = Debug|Any CPU
		{9B6CC5F1-9E0B-459F-BF5D-B1F7E26568C7}.Release|Any CPU.ActiveCfg = Release|Any CPU
		{9B6CC5F1-9E0B-459F-BF5D-B1F7E26568C7}.Release|Any CPU.Build.0 = Release|Any CPU
		{F2F49E3A-7FD7-4527-AE1F-3AD4AE4EB8B5}.Debug|Any CPU.ActiveCfg = Debug|Any CPU
		{F2F49E3A-7FD7-4527-AE1F-3AD4AE4EB8B5}.Debug|Any CPU.Build.0 = Debug|Any CPU
		{F2F49E3A-7FD7-4527-AE1F-3AD4AE4EB8B5}.Release|Any CPU.ActiveCfg = Release|Any CPU
		{F2F49E3A-7FD7-4527-AE1F-3AD4AE4EB8B5}.Release|Any CPU.Build.0 = Release|Any CPU
		{5F37E077-F903-4363-9883-9E239C2C021B}.Debug|Any CPU.ActiveCfg = Debug|Any CPU
		{5F37E077-F903-4363-9883-9E239C2C021B}.Debug|Any CPU.Build.0 = Debug|Any CPU
		{5F37E077-F903-4363-9883-9E239C2C021B}.Release|Any CPU.ActiveCfg = Release|Any CPU
		{5F37E077-F903-4363-9883-9E239C2C021B}.Release|Any CPU.Build.0 = Release|Any CPU
		{AE04CC76-7A7D-4B5E-993E-D47B45D431A8}.Debug|Any CPU.ActiveCfg = Debug|Any CPU
		{AE04CC76-7A7D-4B5E-993E-D47B45D431A8}.Debug|Any CPU.Build.0 = Debug|Any CPU
		{AE04CC76-7A7D-4B5E-993E-D47B45D431A8}.Release|Any CPU.ActiveCfg = Release|Any CPU
		{AE04CC76-7A7D-4B5E-993E-D47B45D431A8}.Release|Any CPU.Build.0 = Release|Any CPU
	EndGlobalSection
	GlobalSection(SolutionProperties) = preSolution
		HideSolutionNode = FALSE
	EndGlobalSection
EndGlobal
